
Microsoft Visual Studio Solution File, Format Version 12.00
# Visual Studio Version 17
VisualStudioVersion = 17.9.34902.65
MinimumVisualStudioVersion = 10.0.40219.1
Project("{FAE04EC0-301F-11D3-BF4B-00C04F79EFBC}") = "caso integrado 1", "caso integrado 1.csproj", "{B070D4A0-ACF2-4DC0-A31E-6FAC3C4A75E8}"
EndProject
Global
	GlobalSection(SolutionConfigurationPlatforms) = preSolution
		Debug|Any CPU = Debug|Any CPU
		Release|Any CPU = Release|Any CPU
	EndGlobalSection
	GlobalSection(ProjectConfigurationPlatforms) = postSolution
		{B070D4A0-ACF2-4DC0-A31E-6FAC3C4A75E8}.Debug|Any CPU.ActiveCfg = Debug|Any CPU
		{B070D4A0-ACF2-4DC0-A31E-6FAC3C4A75E8}.Debug|Any CPU.Build.0 = Debug|Any CPU
		{B070D4A0-ACF2-4DC0-A31E-6FAC3C4A75E8}.Release|Any CPU.ActiveCfg = Release|Any CPU
		{B070D4A0-ACF2-4DC0-A31E-6FAC3C4A75E8}.Release|Any CPU.Build.0 = Release|Any CPU
	EndGlobalSection
	GlobalSection(SolutionProperties) = preSolution
		HideSolutionNode = FALSE
	EndGlobalSection
	GlobalSection(ExtensibilityGlobals) = postSolution
		SolutionGuid = {4805CDB0-6BAB-4A3D-BC4A-C281D08B4EA3}
	EndGlobalSection
EndGlobal
